
Microsoft Visual Studio Solution File, Format Version 12.00
# Visual Studio Version 17
VisualStudioVersion = 17.5.33530.505
MinimumVisualStudioVersion = 10.0.40219.1
Project("{9A19103F-16F7-4668-BE54-9A1E7A4F7556}") = "WebAPI", "WebAPI\WebAPI.csproj", "{80509066-5795-43BF-B994-B597676DC8E7}"
EndProject
Project("{2150E333-8FDC-42A3-9474-1A3956D46DE8}") = "Application", "Application", "{5180C8B8-2E88-46A0-9E4C-3F32B92CF55E}"
EndProject
Project("{2150E333-8FDC-42A3-9474-1A3956D46DE8}") = "Domain", "Domain", "{0611C8E5-8AB9-4118-890E-189E48048FA3}"
EndProject
Project("{2150E333-8FDC-42A3-9474-1A3956D46DE8}") = "Infra", "Infra", "{9436FBF1-9B41-4831-B557-15948B4D3D1A}"
EndProject
Project("{2150E333-8FDC-42A3-9474-1A3956D46DE8}") = "Infra.Data", "Infra.Data", "{39586D44-087F-4B1A-A715-CEF90A089AE4}"
EndProject
Project("{2150E333-8FDC-42A3-9474-1A3956D46DE8}") = "Infra.IoC", "Infra.IoC", "{D16D6659-0521-4C86-8D29-F58354FA31A3}"
EndProject
Project("{2150E333-8FDC-42A3-9474-1A3956D46DE8}") = "API", "API", "{6BC53733-0B9E-4469-B1B3-A8DD7F31E08B}"
EndProject
Project("{9A19103F-16F7-4668-BE54-9A1E7A4F7556}") = "WebAPI.Domain", "WebAPI.Domain\WebAPI.Domain.csproj", "{A6D4CA01-E570-4A1D-8B7F-4EEACA660268}"
EndProject
Project("{9A19103F-16F7-4668-BE54-9A1E7A4F7556}") = "WebAPI.Infra.Data", "WebAPI.Infra.Data\WebAPI.Infra.Data.csproj", "{65C646FD-FC93-464B-8D9E-C0146036A663}"
EndProject
Project("{9A19103F-16F7-4668-BE54-9A1E7A4F7556}") = "WebAPI.Infra.IoC", "WebAPI.Infra.IoC\WebAPI.Infra.IoC.csproj", "{828D4591-EFB2-4C76-B7D2-7C1744DEB0B1}"
EndProject
Project("{9A19103F-16F7-4668-BE54-9A1E7A4F7556}") = "WebAPI.Application", "WebAPI.Application\WebAPI.Application.csproj", "{C8575C23-40C6-4473-9BD2-C959D1F28FF3}"
EndProject
Project("{2150E333-8FDC-42A3-9474-1A3956D46DE8}") = "Test", "Test", "{F55CF663-B977-45EC-B9A5-78D23C1EFBA8}"
EndProject
Project("{FAE04EC0-301F-11D3-BF4B-00C04F79EFBC}") = "WebAPI.Test.MSTest", "WebAPI.Test.MSTest\WebAPI.Test.MSTest.csproj", "{F6E8D485-2FC7-4785-8AFD-ED758FE01847}"
EndProject
Global
	GlobalSection(SolutionConfigurationPlatforms) = preSolution
		Debug|Any CPU = Debug|Any CPU
		Release|Any CPU = Release|Any CPU
	EndGlobalSection
	GlobalSection(ProjectConfigurationPlatforms) = postSolution
		{80509066-5795-43BF-B994-B597676DC8E7}.Debug|Any CPU.ActiveCfg = Debug|Any CPU
		{80509066-5795-43BF-B994-B597676DC8E7}.Debug|Any CPU.Build.0 = Debug|Any CPU
		{80509066-5795-43BF-B994-B597676DC8E7}.Release|Any CPU.ActiveCfg = Release|Any CPU
		{80509066-5795-43BF-B994-B597676DC8E7}.Release|Any CPU.Build.0 = Release|Any CPU
		{A6D4CA01-E570-4A1D-8B7F-4EEACA660268}.Debug|Any CPU.ActiveCfg = Debug|Any CPU
		{A6D4CA01-E570-4A1D-8B7F-4EEACA660268}.Debug|Any CPU.Build.0 = Debug|Any CPU
		{A6D4CA01-E570-4A1D-8B7F-4EEACA660268}.Release|Any CPU.ActiveCfg = Release|Any CPU
		{A6D4CA01-E570-4A1D-8B7F-4EEACA660268}.Release|Any CPU.Build.0 = Release|Any CPU
		{65C646FD-FC93-464B-8D9E-C0146036A663}.Debug|Any CPU.ActiveCfg = Debug|Any CPU
		{65C646FD-FC93-464B-8D9E-C0146036A663}.Debug|Any CPU.Build.0 = Debug|Any CPU
		{65C646FD-FC93-464B-8D9E-C0146036A663}.Release|Any CPU.ActiveCfg = Release|Any CPU
		{65C646FD-FC93-464B-8D9E-C0146036A663}.Release|Any CPU.Build.0 = Release|Any CPU
		{828D4591-EFB2-4C76-B7D2-7C1744DEB0B1}.Debug|Any CPU.ActiveCfg = Debug|Any CPU
		{828D4591-EFB2-4C76-B7D2-7C1744DEB0B1}.Debug|Any CPU.Build.0 = Debug|Any CPU
		{828D4591-EFB2-4C76-B7D2-7C1744DEB0B1}.Release|Any CPU.ActiveCfg = Release|Any CPU
		{828D4591-EFB2-4C76-B7D2-7C1744DEB0B1}.Release|Any CPU.Build.0 = Release|Any CPU
		{C8575C23-40C6-4473-9BD2-C959D1F28FF3}.Debug|Any CPU.ActiveCfg = Debug|Any CPU
		{C8575C23-40C6-4473-9BD2-C959D1F28FF3}.Debug|Any CPU.Build.0 = Debug|Any CPU
		{C8575C23-40C6-4473-9BD2-C959D1F28FF3}.Release|Any CPU.ActiveCfg = Release|Any CPU
		{C8575C23-40C6-4473-9BD2-C959D1F28FF3}.Release|Any CPU.Build.0 = Release|Any CPU
		{F6E8D485-2FC7-4785-8AFD-ED758FE01847}.Debug|Any CPU.ActiveCfg = Debug|Any CPU
		{F6E8D485-2FC7-4785-8AFD-ED758FE01847}.Debug|Any CPU.Build.0 = Debug|Any CPU
		{F6E8D485-2FC7-4785-8AFD-ED758FE01847}.Release|Any CPU.ActiveCfg = Release|Any CPU
		{F6E8D485-2FC7-4785-8AFD-ED758FE01847}.Release|Any CPU.Build.0 = Release|Any CPU
	EndGlobalSection
	GlobalSection(SolutionProperties) = preSolution
		HideSolutionNode = FALSE
	EndGlobalSection
	GlobalSection(NestedProjects) = preSolution
		{80509066-5795-43BF-B994-B597676DC8E7} = {6BC53733-0B9E-4469-B1B3-A8DD7F31E08B}
		{39586D44-087F-4B1A-A715-CEF90A089AE4} = {9436FBF1-9B41-4831-B557-15948B4D3D1A}
		{D16D6659-0521-4C86-8D29-F58354FA31A3} = {9436FBF1-9B41-4831-B557-15948B4D3D1A}
		{A6D4CA01-E570-4A1D-8B7F-4EEACA660268} = {0611C8E5-8AB9-4118-890E-189E48048FA3}
		{65C646FD-FC93-464B-8D9E-C0146036A663} = {39586D44-087F-4B1A-A715-CEF90A089AE4}
		{828D4591-EFB2-4C76-B7D2-7C1744DEB0B1} = {D16D6659-0521-4C86-8D29-F58354FA31A3}
		{C8575C23-40C6-4473-9BD2-C959D1F28FF3} = {5180C8B8-2E88-46A0-9E4C-3F32B92CF55E}
		{F6E8D485-2FC7-4785-8AFD-ED758FE01847} = {F55CF663-B977-45EC-B9A5-78D23C1EFBA8}
	EndGlobalSection
	GlobalSection(ExtensibilityGlobals) = postSolution
		SolutionGuid = {C62F2D86-1D1A-4CCE-BE91-D098ADEF9B59}
	EndGlobalSection
EndGlobal
