
Microsoft Visual Studio Solution File, Format Version 12.00
# Visual Studio Version 17
VisualStudioVersion = 17.5.33530.505
MinimumVisualStudioVersion = 10.0.40219.1
Project("{9A19103F-16F7-4668-BE54-9A1E7A4F7556}") = "WebAPI", "WebAPI\WebAPI.csproj", "{312FE87B-2B12-410B-A789-3711A4517DDB}"
EndProject
Project("{2150E333-8FDC-42A3-9474-1A3956D46DE8}") = "Application", "Application", "{60AD7FAA-4219-4B93-BD59-1B517EC9C3B0}"
EndProject
Project("{2150E333-8FDC-42A3-9474-1A3956D46DE8}") = "Domain", "Domain", "{B3F7A2FA-DB7E-4A21-8280-0F6DC34EA127}"
EndProject
Project("{2150E333-8FDC-42A3-9474-1A3956D46DE8}") = "Infra", "Infra", "{BE2C5FD5-3AA9-4E6E-AFD9-EDEC4C5F44D9}"
EndProject
Project("{2150E333-8FDC-42A3-9474-1A3956D46DE8}") = "Infra.Data", "Infra.Data", "{075ED9A4-D5AA-4F75-A096-32D8B8A84683}"
EndProject
Project("{2150E333-8FDC-42A3-9474-1A3956D46DE8}") = "Infra.IoC", "Infra.IoC", "{976FF78E-0BA7-446A-ACFE-1B45894EB2CF}"
EndProject
Project("{2150E333-8FDC-42A3-9474-1A3956D46DE8}") = "API", "API", "{B8F9317A-AABD-4286-993A-92E3741DE8BB}"
EndProject
Project("{9A19103F-16F7-4668-BE54-9A1E7A4F7556}") = "WebAPI.Domain", "WebAPI.Domain\WebAPI.Domain.csproj", "{066559B9-8DFD-4C68-BAAD-31087B38A4DC}"
EndProject
Project("{9A19103F-16F7-4668-BE54-9A1E7A4F7556}") = "WebAPI.Infra.Data", "WebAPI.Infra.Data\WebAPI.Infra.Data.csproj", "{E8DBA63D-FD2D-4699-9A33-EFFD6AF4705F}"
EndProject
Project("{9A19103F-16F7-4668-BE54-9A1E7A4F7556}") = "WebAPI.Infra.IoC", "WebAPI.Infra.IoC\WebAPI.Infra.IoC.csproj", "{269DCE5A-86FD-498D-BCBA-9DA59B698610}"
EndProject
Project("{9A19103F-16F7-4668-BE54-9A1E7A4F7556}") = "WebAPI.Application", "WebAPI.Application\WebAPI.Application.csproj", "{B86FD894-C904-48FA-B26B-5D42DA2605B7}"
EndProject
Project("{2150E333-8FDC-42A3-9474-1A3956D46DE8}") = "Test", "Test", "{B4974A71-4C53-48B9-8EB6-A48B697836BF}"
EndProject
Project("{9A19103F-16F7-4668-BE54-9A1E7A4F7556}") = "WebAPI.Test.MSTest", "WebAPI.Test.MSTest\WebAPI.Test.MSTest.csproj", "{62C8F0D9-B09C-45CF-ABA7-910A335715FA}"
EndProject
Global
	GlobalSection(SolutionConfigurationPlatforms) = preSolution
		Debug|Any CPU = Debug|Any CPU
		Release|Any CPU = Release|Any CPU
	EndGlobalSection
	GlobalSection(ProjectConfigurationPlatforms) = postSolution
		{312FE87B-2B12-410B-A789-3711A4517DDB}.Debug|Any CPU.ActiveCfg = Debug|Any CPU
		{312FE87B-2B12-410B-A789-3711A4517DDB}.Debug|Any CPU.Build.0 = Debug|Any CPU
		{312FE87B-2B12-410B-A789-3711A4517DDB}.Release|Any CPU.ActiveCfg = Release|Any CPU
		{312FE87B-2B12-410B-A789-3711A4517DDB}.Release|Any CPU.Build.0 = Release|Any CPU
		{066559B9-8DFD-4C68-BAAD-31087B38A4DC}.Debug|Any CPU.ActiveCfg = Debug|Any CPU
		{066559B9-8DFD-4C68-BAAD-31087B38A4DC}.Debug|Any CPU.Build.0 = Debug|Any CPU
		{066559B9-8DFD-4C68-BAAD-31087B38A4DC}.Release|Any CPU.ActiveCfg = Release|Any CPU
		{066559B9-8DFD-4C68-BAAD-31087B38A4DC}.Release|Any CPU.Build.0 = Release|Any CPU
		{E8DBA63D-FD2D-4699-9A33-EFFD6AF4705F}.Debug|Any CPU.ActiveCfg = Debug|Any CPU
		{E8DBA63D-FD2D-4699-9A33-EFFD6AF4705F}.Debug|Any CPU.Build.0 = Debug|Any CPU
		{E8DBA63D-FD2D-4699-9A33-EFFD6AF4705F}.Release|Any CPU.ActiveCfg = Release|Any CPU
		{E8DBA63D-FD2D-4699-9A33-EFFD6AF4705F}.Release|Any CPU.Build.0 = Release|Any CPU
		{269DCE5A-86FD-498D-BCBA-9DA59B698610}.Debug|Any CPU.ActiveCfg = Debug|Any CPU
		{269DCE5A-86FD-498D-BCBA-9DA59B698610}.Debug|Any CPU.Build.0 = Debug|Any CPU
		{269DCE5A-86FD-498D-BCBA-9DA59B698610}.Release|Any CPU.ActiveCfg = Release|Any CPU
		{269DCE5A-86FD-498D-BCBA-9DA59B698610}.Release|Any CPU.Build.0 = Release|Any CPU
		{B86FD894-C904-48FA-B26B-5D42DA2605B7}.Debug|Any CPU.ActiveCfg = Debug|Any CPU
		{B86FD894-C904-48FA-B26B-5D42DA2605B7}.Debug|Any CPU.Build.0 = Debug|Any CPU
		{B86FD894-C904-48FA-B26B-5D42DA2605B7}.Release|Any CPU.ActiveCfg = Release|Any CPU
		{B86FD894-C904-48FA-B26B-5D42DA2605B7}.Release|Any CPU.Build.0 = Release|Any CPU
		{62C8F0D9-B09C-45CF-ABA7-910A335715FA}.Debug|Any CPU.ActiveCfg = Debug|Any CPU
		{62C8F0D9-B09C-45CF-ABA7-910A335715FA}.Debug|Any CPU.Build.0 = Debug|Any CPU
		{62C8F0D9-B09C-45CF-ABA7-910A335715FA}.Release|Any CPU.ActiveCfg = Release|Any CPU
		{62C8F0D9-B09C-45CF-ABA7-910A335715FA}.Release|Any CPU.Build.0 = Release|Any CPU
	EndGlobalSection
	GlobalSection(SolutionProperties) = preSolution
		HideSolutionNode = FALSE
	EndGlobalSection
	GlobalSection(NestedProjects) = preSolution
		{312FE87B-2B12-410B-A789-3711A4517DDB} = {B8F9317A-AABD-4286-993A-92E3741DE8BB}
		{075ED9A4-D5AA-4F75-A096-32D8B8A84683} = {BE2C5FD5-3AA9-4E6E-AFD9-EDEC4C5F44D9}
		{976FF78E-0BA7-446A-ACFE-1B45894EB2CF} = {BE2C5FD5-3AA9-4E6E-AFD9-EDEC4C5F44D9}
		{066559B9-8DFD-4C68-BAAD-31087B38A4DC} = {B3F7A2FA-DB7E-4A21-8280-0F6DC34EA127}
		{E8DBA63D-FD2D-4699-9A33-EFFD6AF4705F} = {075ED9A4-D5AA-4F75-A096-32D8B8A84683}
		{269DCE5A-86FD-498D-BCBA-9DA59B698610} = {976FF78E-0BA7-446A-ACFE-1B45894EB2CF}
		{B86FD894-C904-48FA-B26B-5D42DA2605B7} = {60AD7FAA-4219-4B93-BD59-1B517EC9C3B0}
		{62C8F0D9-B09C-45CF-ABA7-910A335715FA} = {B4974A71-4C53-48B9-8EB6-A48B697836BF}
	EndGlobalSection
	GlobalSection(ExtensibilityGlobals) = postSolution
		SolutionGuid = {C62F2D86-1D1A-4CCE-BE91-D098ADEF9B59}
	EndGlobalSection
EndGlobal
